{
  "name": "my-new-reactreduxspa",
  "version": "1.0.0",
  "lockfileVersion": 1,
  "requires": true,
  "dependencies": {
    "group-array-then-sort": {
      "version": "1.0.1",
      "resolved": "https://registry.npmjs.org/group-array-then-sort/-/group-array-then-sort-1.0.1.tgz",
      "integrity": "sha512-nWCx9RBa0h9y0ds97prqVPtkB+KebZA1hMjfjD1TEjL6ycgdfa0+G7LlFW2wLs4kRKGnJs9t9lKSV9oPc3+ydw==",
      "requires": {
        "sort-by": "^1.2.0"
      }
    },
    "json-groupby": {
      "version": "1.1.0",
      "resolved": "https://registry.npmjs.org/json-groupby/-/json-groupby-1.1.0.tgz",
      "integrity": "sha1-evXg7XARjdIepB+pL6dTZfl59Vo="
    },
    "object-path": {
      "version": "0.6.0",
      "resolved": "https://registry.npmjs.org/object-path/-/object-path-0.6.0.tgz",
      "integrity": "sha1-tpp9EQk3k08zbKVh/ZvhrXt+DLc="
    },
    "sort-by": {
      "version": "1.2.0",
      "resolved": "https://registry.npmjs.org/sort-by/-/sort-by-1.2.0.tgz",
      "integrity": "sha1-7ZK7/5/SKEtB9lA+OElmB7Il/m8=",
      "requires": {
        "object-path": "0.6.0"
      }
    },
    "sort-json-array": {
      "version": "0.1.7",
      "resolved": "https://registry.npmjs.org/sort-json-array/-/sort-json-array-0.1.7.tgz",
      "integrity": "sha1-mTpaoF5IJ0CXXymQUVMA5NrNY5o="
    }
  }
}
